
Microsoft Visual Studio Solution File, Format Version 12.00
Project("{FAE04EC0-301F-11D3-BF4B-00C04F79EFBC}") = "Domain", "Domain\Domain.csproj", "{EDCF40BC-CE1D-4CCC-A6A0-16D7C48B10E4}"
EndProject
Project("{FAE04EC0-301F-11D3-BF4B-00C04F79EFBC}") = "Application", "Application\Application.csproj", "{EF38867E-E349-4B1E-BF29-69ECD962800F}"
EndProject
Project("{FAE04EC0-301F-11D3-BF4B-00C04F79EFBC}") = "Infrastructure", "Infrastructure\Infrastructure.csproj", "{CAF6DC73-C5B6-4FE8-933A-61F07C442BFD}"
EndProject
Project("{FAE04EC0-301F-11D3-BF4B-00C04F79EFBC}") = "Cmd", "Cmd\Cmd.csproj", "{CCB86106-D646-4726-9472-FD1FF774C411}"
EndProject
Project("{FAE04EC0-301F-11D3-BF4B-00C04F79EFBC}") = "Application.Tests", "Application.Tests\Application.Tests.csproj", "{DA2FE338-6270-4B2D-A49A-0000C040FCEE}"
EndProject
Project("{2150E333-8FDC-42A3-9474-1A3956D46DE8}") = "src", "src", "{C8A3AA72-5687-461D-A1DA-6A9D4F012146}"
EndProject
Project("{2150E333-8FDC-42A3-9474-1A3956D46DE8}") = "test", "test", "{C26D353F-31DE-405D-AA3D-D0BBE875538E}"
EndProject
Project("{FAE04EC0-301F-11D3-BF4B-00C04F79EFBC}") = "WebAPI", "WebAPI\WebAPI.csproj", "{05B9BDFA-8DEC-42A0-AA0A-9B22FED15C69}"
EndProject
Global
	GlobalSection(SolutionConfigurationPlatforms) = preSolution
		Debug|Any CPU = Debug|Any CPU
		Release|Any CPU = Release|Any CPU
	EndGlobalSection
	GlobalSection(ProjectConfigurationPlatforms) = postSolution
		{EDCF40BC-CE1D-4CCC-A6A0-16D7C48B10E4}.Debug|Any CPU.ActiveCfg = Debug|Any CPU
		{EDCF40BC-CE1D-4CCC-A6A0-16D7C48B10E4}.Debug|Any CPU.Build.0 = Debug|Any CPU
		{EDCF40BC-CE1D-4CCC-A6A0-16D7C48B10E4}.Release|Any CPU.ActiveCfg = Release|Any CPU
		{EDCF40BC-CE1D-4CCC-A6A0-16D7C48B10E4}.Release|Any CPU.Build.0 = Release|Any CPU
		{EF38867E-E349-4B1E-BF29-69ECD962800F}.Debug|Any CPU.ActiveCfg = Debug|Any CPU
		{EF38867E-E349-4B1E-BF29-69ECD962800F}.Debug|Any CPU.Build.0 = Debug|Any CPU
		{EF38867E-E349-4B1E-BF29-69ECD962800F}.Release|Any CPU.ActiveCfg = Release|Any CPU
		{EF38867E-E349-4B1E-BF29-69ECD962800F}.Release|Any CPU.Build.0 = Release|Any CPU
		{CAF6DC73-C5B6-4FE8-933A-61F07C442BFD}.Debug|Any CPU.ActiveCfg = Debug|Any CPU
		{CAF6DC73-C5B6-4FE8-933A-61F07C442BFD}.Debug|Any CPU.Build.0 = Debug|Any CPU
		{CAF6DC73-C5B6-4FE8-933A-61F07C442BFD}.Release|Any CPU.ActiveCfg = Release|Any CPU
		{CAF6DC73-C5B6-4FE8-933A-61F07C442BFD}.Release|Any CPU.Build.0 = Release|Any CPU
		{CCB86106-D646-4726-9472-FD1FF774C411}.Debug|Any CPU.ActiveCfg = Debug|Any CPU
		{CCB86106-D646-4726-9472-FD1FF774C411}.Debug|Any CPU.Build.0 = Debug|Any CPU
		{CCB86106-D646-4726-9472-FD1FF774C411}.Release|Any CPU.ActiveCfg = Release|Any CPU
		{CCB86106-D646-4726-9472-FD1FF774C411}.Release|Any CPU.Build.0 = Release|Any CPU
		{DA2FE338-6270-4B2D-A49A-0000C040FCEE}.Debug|Any CPU.ActiveCfg = Debug|Any CPU
		{DA2FE338-6270-4B2D-A49A-0000C040FCEE}.Debug|Any CPU.Build.0 = Debug|Any CPU
		{DA2FE338-6270-4B2D-A49A-0000C040FCEE}.Release|Any CPU.ActiveCfg = Release|Any CPU
		{DA2FE338-6270-4B2D-A49A-0000C040FCEE}.Release|Any CPU.Build.0 = Release|Any CPU
		{05B9BDFA-8DEC-42A0-AA0A-9B22FED15C69}.Debug|Any CPU.ActiveCfg = Debug|Any CPU
		{05B9BDFA-8DEC-42A0-AA0A-9B22FED15C69}.Debug|Any CPU.Build.0 = Debug|Any CPU
		{05B9BDFA-8DEC-42A0-AA0A-9B22FED15C69}.Release|Any CPU.ActiveCfg = Release|Any CPU
		{05B9BDFA-8DEC-42A0-AA0A-9B22FED15C69}.Release|Any CPU.Build.0 = Release|Any CPU
	EndGlobalSection
	GlobalSection(NestedProjects) = preSolution
		{EF38867E-E349-4B1E-BF29-69ECD962800F} = {C8A3AA72-5687-461D-A1DA-6A9D4F012146}
		{CCB86106-D646-4726-9472-FD1FF774C411} = {C8A3AA72-5687-461D-A1DA-6A9D4F012146}
		{EDCF40BC-CE1D-4CCC-A6A0-16D7C48B10E4} = {C8A3AA72-5687-461D-A1DA-6A9D4F012146}
		{CAF6DC73-C5B6-4FE8-933A-61F07C442BFD} = {C8A3AA72-5687-461D-A1DA-6A9D4F012146}
		{DA2FE338-6270-4B2D-A49A-0000C040FCEE} = {C26D353F-31DE-405D-AA3D-D0BBE875538E}
		{05B9BDFA-8DEC-42A0-AA0A-9B22FED15C69} = {C8A3AA72-5687-461D-A1DA-6A9D4F012146}
	EndGlobalSection
EndGlobal
